
Microsoft Visual Studio Solution File, Format Version 12.00
# Visual Studio Version 17
VisualStudioVersion = 17.6.33712.159
MinimumVisualStudioVersion = 10.0.40219.1
Project("{8BC9CEB8-8B4A-11D0-8D11-00A0C91BC942}") = "ProjectDataStructuresPart1", "ProjectDataStructuresPart1\ProjectDataStructuresPart1.vcxproj", "{D06A8060-AEA8-4806-892C-B4B9088FBDAB}"
EndProject
Global
	GlobalSection(SolutionConfigurationPlatforms) = preSolution
		Debug|x64 = Debug|x64
		Debug|x86 = Debug|x86
		Release|x64 = Release|x64
		Release|x86 = Release|x86
	EndGlobalSection
	GlobalSection(ProjectConfigurationPlatforms) = postSolution
		{D06A8060-AEA8-4806-892C-B4B9088FBDAB}.Debug|x64.ActiveCfg = Debug|x64
		{D06A8060-AEA8-4806-892C-B4B9088FBDAB}.Debug|x64.Build.0 = Debug|x64
		{D06A8060-AEA8-4806-892C-B4B9088FBDAB}.Debug|x86.ActiveCfg = Debug|Win32
		{D06A8060-AEA8-4806-892C-B4B9088FBDAB}.Debug|x86.Build.0 = Debug|Win32
		{D06A8060-AEA8-4806-892C-B4B9088FBDAB}.Release|x64.ActiveCfg = Release|x64
		{D06A8060-AEA8-4806-892C-B4B9088FBDAB}.Release|x64.Build.0 = Release|x64
		{D06A8060-AEA8-4806-892C-B4B9088FBDAB}.Release|x86.ActiveCfg = Release|Win32
		{D06A8060-AEA8-4806-892C-B4B9088FBDAB}.Release|x86.Build.0 = Release|Win32
	EndGlobalSection
	GlobalSection(SolutionProperties) = preSolution
		HideSolutionNode = FALSE
	EndGlobalSection
	GlobalSection(ExtensibilityGlobals) = postSolution
		SolutionGuid = {00F4A1B2-DD55-4710-88C2-CE13C9501110}
	EndGlobalSection
EndGlobal
